
Microsoft Visual Studio Solution File, Format Version 12.00
# Visual Studio Version 17
VisualStudioVersion = 17.6.33829.357
MinimumVisualStudioVersion = 10.0.40219.1
Project("{FAE04EC0-301F-11D3-BF4B-00C04F79EFBC}") = "Tour_Management", "Tour_Management\Tour_Management.csproj", "{73DCF238-C2EE-4196-87F5-7565A7425414}"
EndProject
Global
	GlobalSection(SolutionConfigurationPlatforms) = preSolution
		Debug|Any CPU = Debug|Any CPU
		Release|Any CPU = Release|Any CPU
	EndGlobalSection
	GlobalSection(ProjectConfigurationPlatforms) = postSolution
		{73DCF238-C2EE-4196-87F5-7565A7425414}.Debug|Any CPU.ActiveCfg = Debug|Any CPU
		{73DCF238-C2EE-4196-87F5-7565A7425414}.Debug|Any CPU.Build.0 = Debug|Any CPU
		{73DCF238-C2EE-4196-87F5-7565A7425414}.Release|Any CPU.ActiveCfg = Release|Any CPU
		{73DCF238-C2EE-4196-87F5-7565A7425414}.Release|Any CPU.Build.0 = Release|Any CPU
	EndGlobalSection
	GlobalSection(SolutionProperties) = preSolution
		HideSolutionNode = FALSE
	EndGlobalSection
	GlobalSection(ExtensibilityGlobals) = postSolution
		SolutionGuid = {7026DE25-36DD-4FE4-AC39-63A0D8506F43}
	EndGlobalSection
EndGlobal
